
Microsoft Visual Studio Solution File, Format Version 9.00
# Visual C# Express 2005
Project("{FAE04EC0-301F-11D3-BF4B-00C04F79EFBC}") = "Chapter10", "Chapter10.csproj", "{D586706D-0552-49B6-9C7A-063CB0A5B30D}"
EndProject
Global
	GlobalSection(SolutionConfigurationPlatforms) = preSolution
		Debug|Any CPU = Debug|Any CPU
		Release|Any CPU = Release|Any CPU
	EndGlobalSection
	GlobalSection(ProjectConfigurationPlatforms) = postSolution
		{D586706D-0552-49B6-9C7A-063CB0A5B30D}.Debug|Any CPU.ActiveCfg = Debug|Any CPU
		{D586706D-0552-49B6-9C7A-063CB0A5B30D}.Debug|Any CPU.Build.0 = Debug|Any CPU
		{D586706D-0552-49B6-9C7A-063CB0A5B30D}.Release|Any CPU.ActiveCfg = Release|Any CPU
		{D586706D-0552-49B6-9C7A-063CB0A5B30D}.Release|Any CPU.Build.0 = Release|Any CPU
	EndGlobalSection
	GlobalSection(SolutionProperties) = preSolution
		HideSolutionNode = FALSE
	EndGlobalSection
EndGlobal
